# This file was autogenerated by Stack.
# You should not edit this file by hand.
# For more information, please see the documentation at:
#   https://docs.haskellstack.org/en/stable/lock_files

packages:
- completed:
    hackage: rematch-0.2.0.0@sha256:86019f4d6a4347e1291a0a9f85ba6324e1447e2b93d75958e59c24212e9d8178,1245
    pantry-tree:
      sha256: a03afe4ac95716bda72e3cd1ce762b5e7edc6d0d0d1ada8c48c5c656cf667a62
      size: 386
  original:
    hackage: rematch-0.2.0.0@sha256:86019f4d6a4347e1291a0a9f85ba6324e1447e2b93d75958e59c24212e9d8178,1245
snapshots:
- completed:
    sha256: 42f77c84b34f68c30c2cd0bf8c349f617a0f428264362426290847a6a2019b64
    size: 649618
    url: https://raw.githubusercontent.com/commercialhaskell/stackage-snapshots/master/lts/20/19.yaml
  original: lts-20.19
